{
  "name": "depfix-stripe-fixture",
  "version": "1.0.0",
  "lockfileVersion": 3,
  "requires": true,
  "packages": {
    "": {
      "name": "depfix-stripe-fixture",
      "version": "1.0.0",
      "dependencies": {
        "stripe": "file:./vendor/stripe-shim"
      }
    },
    "node_modules/stripe": {
      "resolved": "vendor/stripe-shim",
      "link": true
    },
    "vendor/stripe-shim": {
      "name": "stripe",
      "version": "14.0.0-test"
    }
  }
}
